
Microsoft Visual Studio Solution File, Format Version 12.00
# Visual Studio Version 17
VisualStudioVersion = 17.4.33403.182
MinimumVisualStudioVersion = 10.0.40219.1
Project("{FAE04EC0-301F-11D3-BF4B-00C04F79EFBC}") = "First", "First\First.csproj", "{879970F4-2A5E-41D0-929E-62741D995924}"
EndProject
Global
	GlobalSection(SolutionConfigurationPlatforms) = preSolution
		Debug|Any CPU = Debug|Any CPU
		Release|Any CPU = Release|Any CPU
	EndGlobalSection
	GlobalSection(ProjectConfigurationPlatforms) = postSolution
		{879970F4-2A5E-41D0-929E-62741D995924}.Debug|Any CPU.ActiveCfg = Debug|Any CPU
		{879970F4-2A5E-41D0-929E-62741D995924}.Debug|Any CPU.Build.0 = Debug|Any CPU
		{879970F4-2A5E-41D0-929E-62741D995924}.Release|Any CPU.ActiveCfg = Release|Any CPU
		{879970F4-2A5E-41D0-929E-62741D995924}.Release|Any CPU.Build.0 = Release|Any CPU
	EndGlobalSection
	GlobalSection(SolutionProperties) = preSolution
		HideSolutionNode = FALSE
	EndGlobalSection
	GlobalSection(ExtensibilityGlobals) = postSolution
		SolutionGuid = {02E49CA4-AA1C-4487-A196-CE564630DE0C}
	EndGlobalSection
EndGlobal
