
Microsoft Visual Studio Solution File, Format Version 12.00
# Visual Studio Version 17
VisualStudioVersion = 17.4.33403.182
MinimumVisualStudioVersion = 10.0.40219.1
Project("{9A19103F-16F7-4668-BE54-9A1E7A4F7556}") = "First", "First\First.csproj", "{879970F4-2A5E-41D0-929E-62741D995924}"
EndProject
Project("{9A19103F-16F7-4668-BE54-9A1E7A4F7556}") = "Методы1", "Методы1\Методы1.csproj", "{015E566A-18ED-4C0D-ABA1-71336F9D7A70}"
EndProject
Project("{9A19103F-16F7-4668-BE54-9A1E7A4F7556}") = "Методы2", "Методы2\Методы2.csproj", "{B7CF5851-F717-4ECF-A3C1-6980B929E129}"
EndProject
Project("{9A19103F-16F7-4668-BE54-9A1E7A4F7556}") = "Методы3", "Методы3\Методы3.csproj", "{CD3D932A-CF88-4A74-889F-C399799FF328}"
EndProject
Project("{FAE04EC0-301F-11D3-BF4B-00C04F79EFBC}") = "Рекурсия", "Рекурсия\Рекурсия.csproj", "{3C8301AA-AAED-496B-B424-96820164B32D}"
EndProject
Global
	GlobalSection(SolutionConfigurationPlatforms) = preSolution
		Debug|Any CPU = Debug|Any CPU
		Release|Any CPU = Release|Any CPU
	EndGlobalSection
	GlobalSection(ProjectConfigurationPlatforms) = postSolution
		{879970F4-2A5E-41D0-929E-62741D995924}.Debug|Any CPU.ActiveCfg = Debug|Any CPU
		{879970F4-2A5E-41D0-929E-62741D995924}.Debug|Any CPU.Build.0 = Debug|Any CPU
		{879970F4-2A5E-41D0-929E-62741D995924}.Release|Any CPU.ActiveCfg = Release|Any CPU
		{879970F4-2A5E-41D0-929E-62741D995924}.Release|Any CPU.Build.0 = Release|Any CPU
		{015E566A-18ED-4C0D-ABA1-71336F9D7A70}.Debug|Any CPU.ActiveCfg = Debug|Any CPU
		{015E566A-18ED-4C0D-ABA1-71336F9D7A70}.Debug|Any CPU.Build.0 = Debug|Any CPU
		{015E566A-18ED-4C0D-ABA1-71336F9D7A70}.Release|Any CPU.ActiveCfg = Release|Any CPU
		{015E566A-18ED-4C0D-ABA1-71336F9D7A70}.Release|Any CPU.Build.0 = Release|Any CPU
		{B7CF5851-F717-4ECF-A3C1-6980B929E129}.Debug|Any CPU.ActiveCfg = Debug|Any CPU
		{B7CF5851-F717-4ECF-A3C1-6980B929E129}.Debug|Any CPU.Build.0 = Debug|Any CPU
		{B7CF5851-F717-4ECF-A3C1-6980B929E129}.Release|Any CPU.ActiveCfg = Release|Any CPU
		{B7CF5851-F717-4ECF-A3C1-6980B929E129}.Release|Any CPU.Build.0 = Release|Any CPU
		{CD3D932A-CF88-4A74-889F-C399799FF328}.Debug|Any CPU.ActiveCfg = Debug|Any CPU
		{CD3D932A-CF88-4A74-889F-C399799FF328}.Debug|Any CPU.Build.0 = Debug|Any CPU
		{CD3D932A-CF88-4A74-889F-C399799FF328}.Release|Any CPU.ActiveCfg = Release|Any CPU
		{CD3D932A-CF88-4A74-889F-C399799FF328}.Release|Any CPU.Build.0 = Release|Any CPU
		{3C8301AA-AAED-496B-B424-96820164B32D}.Debug|Any CPU.ActiveCfg = Debug|Any CPU
		{3C8301AA-AAED-496B-B424-96820164B32D}.Debug|Any CPU.Build.0 = Debug|Any CPU
		{3C8301AA-AAED-496B-B424-96820164B32D}.Release|Any CPU.ActiveCfg = Release|Any CPU
		{3C8301AA-AAED-496B-B424-96820164B32D}.Release|Any CPU.Build.0 = Release|Any CPU
	EndGlobalSection
	GlobalSection(SolutionProperties) = preSolution
		HideSolutionNode = FALSE
	EndGlobalSection
	GlobalSection(ExtensibilityGlobals) = postSolution
		SolutionGuid = {02E49CA4-AA1C-4487-A196-CE564630DE0C}
	EndGlobalSection
EndGlobal
